// !$*UTF8*$!
{
	archiveVersion = 1;
	classes = {
	};
	objectVersion = 56;
	objects = {

/* Begin PBXBuildFile section */
		442CD4152AB176C700C8356C /* ImagePreferenceKey.swift in Sources */ = {isa = PBXBuildFile; fileRef = 442CD4142AB176C700C8356C /* ImagePreferenceKey.swift */; };
		442E76642AB8F5B900B699D4 /* SwipeToCompleteTextView.swift in Sources */ = {isa = PBXBuildFile; fileRef = 442E76632AB8F5B900B699D4 /* SwipeToCompleteTextView.swift */; };
		442E76882AB949AF00B699D4 /* MyHapticEngine.swift in Sources */ = {isa = PBXBuildFile; fileRef = 442E76872AB949AF00B699D4 /* MyHapticEngine.swift */; };
		444313122AB6AA6F00488F5B /* ViewModel.swift in Sources */ = {isa = PBXBuildFile; fileRef = 444313112AB6AA6F00488F5B /* ViewModel.swift */; };
		444313152AB6AAD600488F5B /* ViewKinds.swift in Sources */ = {isa = PBXBuildFile; fileRef = 444313142AB6AAD600488F5B /* ViewKinds.swift */; };
		4462D57B2ABB4D64002DAFE9 /* RecognitionModel.swift in Sources */ = {isa = PBXBuildFile; fileRef = 4462D57A2ABB4D64002DAFE9 /* RecognitionModel.swift */; };
		44899C4E2ABA999500C4AB82 /* Text-Extensions.swift in Sources */ = {isa = PBXBuildFile; fileRef = 44899C4D2ABA999500C4AB82 /* Text-Extensions.swift */; };
		4489EE3E2ABB94F000683DB8 /* OpenAIResponseModels.swift in Sources */ = {isa = PBXBuildFile; fileRef = 4489EE3D2ABB94F000683DB8 /* OpenAIResponseModels.swift */; };
		4489EE422ABB99C900683DB8 /* OpenAIError.swift in Sources */ = {isa = PBXBuildFile; fileRef = 4489EE412ABB99C900683DB8 /* OpenAIError.swift */; };
		449123742AB7A595001D8993 /* ChatGPT.swift in Sources */ = {isa = PBXBuildFile; fileRef = 449123732AB7A595001D8993 /* ChatGPT.swift */; };
		44A577522AB2C3A0004E5D43 /* VisionViewModel.swift in Sources */ = {isa = PBXBuildFile; fileRef = 44A577512AB2C3A0004E5D43 /* VisionViewModel.swift */; };
		44A577542AB2C4A0004E5D43 /* Image-Extensions.swift in Sources */ = {isa = PBXBuildFile; fileRef = 44A577532AB2C4A0004E5D43 /* Image-Extensions.swift */; };
		44A577572AB380CD004E5D43 /* ImagePicker.swift in Sources */ = {isa = PBXBuildFile; fileRef = 44A577562AB380CD004E5D43 /* ImagePicker.swift */; };
		44B3A3412AB8019D00C76328 /* CardView.swift in Sources */ = {isa = PBXBuildFile; fileRef = 44B3A3402AB8019D00C76328 /* CardView.swift */; };
		44B3A3452AB806E300C76328 /* IngredientCard.swift in Sources */ = {isa = PBXBuildFile; fileRef = 44B3A3442AB806E300C76328 /* IngredientCard.swift */; };
		44B612712AB76D5E00D0CC1A /* OpenAIViewModel.swift in Sources */ = {isa = PBXBuildFile; fileRef = 44B612702AB76D5E00D0CC1A /* OpenAIViewModel.swift */; };
		44D5CCFB2AACEA4D00215EFB /* CameraViewModel.swift in Sources */ = {isa = PBXBuildFile; fileRef = 44D5CCFA2AACEA4D00215EFB /* CameraViewModel.swift */; };
		44D5CCFD2AACEA9A00215EFB /* CameraView.swift in Sources */ = {isa = PBXBuildFile; fileRef = 44D5CCFC2AACEA9A00215EFB /* CameraView.swift */; };
		44D5CD042AAD02A400215EFB /* CameraService+Extensions.swift in Sources */ = {isa = PBXBuildFile; fileRef = 44D5CCFF2AAD02A400215EFB /* CameraService+Extensions.swift */; };
		44D5CD052AAD02A400215EFB /* CameraService+Enums.swift in Sources */ = {isa = PBXBuildFile; fileRef = 44D5CD002AAD02A400215EFB /* CameraService+Enums.swift */; };
		44D5CD062AAD02A400215EFB /* PhotoCaptureProcessor.swift in Sources */ = {isa = PBXBuildFile; fileRef = 44D5CD012AAD02A400215EFB /* PhotoCaptureProcessor.swift */; };
		44D5CD072AAD02A400215EFB /* CameraService.swift in Sources */ = {isa = PBXBuildFile; fileRef = 44D5CD022AAD02A400215EFB /* CameraService.swift */; };
		44D5CD082AAD02A400215EFB /* ImageResizer.swift in Sources */ = {isa = PBXBuildFile; fileRef = 44D5CD032AAD02A400215EFB /* ImageResizer.swift */; };
		44D5CD0A2AAD02E000215EFB /* CameraPreview.swift in Sources */ = {isa = PBXBuildFile; fileRef = 44D5CD092AAD02E000215EFB /* CameraPreview.swift */; };
		44DC37472AA8261E0095E985 /* ContentIsEmptyView.swift in Sources */ = {isa = PBXBuildFile; fileRef = 44DC37462AA8261E0095E985 /* ContentIsEmptyView.swift */; };
		44DC375C2AABCDF80095E985 /* ImageWithROI.swift in Sources */ = {isa = PBXBuildFile; fileRef = 44DC375B2AABCDF80095E985 /* ImageWithROI.swift */; };
		44E6995A2AA588A50071742C /* RecipeVisionApp.swift in Sources */ = {isa = PBXBuildFile; fileRef = 44E699592AA588A50071742C /* RecipeVisionApp.swift */; };
		44E6995C2AA588A50071742C /* HomeView.swift in Sources */ = {isa = PBXBuildFile; fileRef = 44E6995B2AA588A50071742C /* HomeView.swift */; };
		44E6995E2AA588A60071742C /* Assets.xcassets in Resources */ = {isa = PBXBuildFile; fileRef = 44E6995D2AA588A60071742C /* Assets.xcassets */; };
		44E699612AA588A60071742C /* Preview Assets.xcassets in Resources */ = {isa = PBXBuildFile; fileRef = 44E699602AA588A60071742C /* Preview Assets.xcassets */; };
		44E6996B2AA588A60071742C /* RecipeVisionTests.swift in Sources */ = {isa = PBXBuildFile; fileRef = 44E6996A2AA588A60071742C /* RecipeVisionTests.swift */; };
		44E699752AA588A60071742C /* RecipeVisionUITests.swift in Sources */ = {isa = PBXBuildFile; fileRef = 44E699742AA588A60071742C /* RecipeVisionUITests.swift */; };
		44E699772AA588A60071742C /* RecipeVisionUITestsLaunchTests.swift in Sources */ = {isa = PBXBuildFile; fileRef = 44E699762AA588A60071742C /* RecipeVisionUITestsLaunchTests.swift */; };
		44EEB91E2ABA0ED70002556E /* CardLongPressGestureState.swift in Sources */ = {isa = PBXBuildFile; fileRef = 44EEB91D2ABA0ED70002556E /* CardLongPressGestureState.swift */; };
/* End PBXBuildFile section */

/* Begin PBXContainerItemProxy section */
		44E699672AA588A60071742C /* PBXContainerItemProxy */ = {
			isa = PBXContainerItemProxy;
			containerPortal = 44E6994E2AA588A50071742C /* Project object */;
			proxyType = 1;
			remoteGlobalIDString = 44E699552AA588A50071742C;
			remoteInfo = RecipeVision;
		};
		44E699712AA588A60071742C /* PBXContainerItemProxy */ = {
			isa = PBXContainerItemProxy;
			containerPortal = 44E6994E2AA588A50071742C /* Project object */;
			proxyType = 1;
			remoteGlobalIDString = 44E699552AA588A50071742C;
			remoteInfo = RecipeVision;
		};
/* End PBXContainerItemProxy section */

/* Begin PBXFileReference section */
		442CD4142AB176C700C8356C /* ImagePreferenceKey.swift */ = {isa = PBXFileReference; lastKnownFileType = sourcecode.swift; path = ImagePreferenceKey.swift; sourceTree = "<group>"; };
		442E76632AB8F5B900B699D4 /* SwipeToCompleteTextView.swift */ = {isa = PBXFileReference; lastKnownFileType = sourcecode.swift; path = SwipeToCompleteTextView.swift; sourceTree = "<group>"; };
		442E76872AB949AF00B699D4 /* MyHapticEngine.swift */ = {isa = PBXFileReference; lastKnownFileType = sourcecode.swift; path = MyHapticEngine.swift; sourceTree = "<group>"; };
		444313112AB6AA6F00488F5B /* ViewModel.swift */ = {isa = PBXFileReference; lastKnownFileType = sourcecode.swift; path = ViewModel.swift; sourceTree = "<group>"; };
		444313142AB6AAD600488F5B /* ViewKinds.swift */ = {isa = PBXFileReference; lastKnownFileType = sourcecode.swift; path = ViewKinds.swift; sourceTree = "<group>"; };
		4462D57A2ABB4D64002DAFE9 /* RecognitionModel.swift */ = {isa = PBXFileReference; lastKnownFileType = sourcecode.swift; path = RecognitionModel.swift; sourceTree = "<group>"; };
		44899C4D2ABA999500C4AB82 /* Text-Extensions.swift */ = {isa = PBXFileReference; lastKnownFileType = sourcecode.swift; path = "Text-Extensions.swift"; sourceTree = "<group>"; };
		4489EE3D2ABB94F000683DB8 /* OpenAIResponseModels.swift */ = {isa = PBXFileReference; lastKnownFileType = sourcecode.swift; path = OpenAIResponseModels.swift; sourceTree = "<group>"; };
		4489EE412ABB99C900683DB8 /* OpenAIError.swift */ = {isa = PBXFileReference; lastKnownFileType = sourcecode.swift; path = OpenAIError.swift; sourceTree = "<group>"; };
		449123732AB7A595001D8993 /* ChatGPT.swift */ = {isa = PBXFileReference; lastKnownFileType = sourcecode.swift; path = ChatGPT.swift; sourceTree = "<group>"; };
		44A577512AB2C3A0004E5D43 /* VisionViewModel.swift */ = {isa = PBXFileReference; lastKnownFileType = sourcecode.swift; path = VisionViewModel.swift; sourceTree = "<group>"; };
		44A577532AB2C4A0004E5D43 /* Image-Extensions.swift */ = {isa = PBXFileReference; lastKnownFileType = sourcecode.swift; path = "Image-Extensions.swift"; sourceTree = "<group>"; };
		44A577562AB380CD004E5D43 /* ImagePicker.swift */ = {isa = PBXFileReference; lastKnownFileType = sourcecode.swift; path = ImagePicker.swift; sourceTree = "<group>"; };
		44B3A33C2AB7FB8600C76328 /* Config.xcconfig */ = {isa = PBXFileReference; lastKnownFileType = text.xcconfig; path = Config.xcconfig; sourceTree = "<group>"; };
		44B3A3402AB8019D00C76328 /* CardView.swift */ = {isa = PBXFileReference; lastKnownFileType = sourcecode.swift; path = CardView.swift; sourceTree = "<group>"; };
		44B3A3442AB806E300C76328 /* IngredientCard.swift */ = {isa = PBXFileReference; lastKnownFileType = sourcecode.swift; path = IngredientCard.swift; sourceTree = "<group>"; };
		44B612702AB76D5E00D0CC1A /* OpenAIViewModel.swift */ = {isa = PBXFileReference; lastKnownFileType = sourcecode.swift; path = OpenAIViewModel.swift; sourceTree = "<group>"; };
		44D5CCFA2AACEA4D00215EFB /* CameraViewModel.swift */ = {isa = PBXFileReference; fileEncoding = 4; lastKnownFileType = sourcecode.swift; path = CameraViewModel.swift; sourceTree = "<group>"; };
		44D5CCFC2AACEA9A00215EFB /* CameraView.swift */ = {isa = PBXFileReference; fileEncoding = 4; lastKnownFileType = sourcecode.swift; path = CameraView.swift; sourceTree = "<group>"; };
		44D5CCFF2AAD02A400215EFB /* CameraService+Extensions.swift */ = {isa = PBXFileReference; fileEncoding = 4; lastKnownFileType = sourcecode.swift; path = "CameraService+Extensions.swift"; sourceTree = "<group>"; };
		44D5CD002AAD02A400215EFB /* CameraService+Enums.swift */ = {isa = PBXFileReference; fileEncoding = 4; lastKnownFileType = sourcecode.swift; path = "CameraService+Enums.swift"; sourceTree = "<group>"; };
		44D5CD012AAD02A400215EFB /* PhotoCaptureProcessor.swift */ = {isa = PBXFileReference; fileEncoding = 4; lastKnownFileType = sourcecode.swift; path = PhotoCaptureProcessor.swift; sourceTree = "<group>"; };
		44D5CD022AAD02A400215EFB /* CameraService.swift */ = {isa = PBXFileReference; fileEncoding = 4; lastKnownFileType = sourcecode.swift; path = CameraService.swift; sourceTree = "<group>"; };
		44D5CD032AAD02A400215EFB /* ImageResizer.swift */ = {isa = PBXFileReference; fileEncoding = 4; lastKnownFileType = sourcecode.swift; path = ImageResizer.swift; sourceTree = "<group>"; };
		44D5CD092AAD02E000215EFB /* CameraPreview.swift */ = {isa = PBXFileReference; fileEncoding = 4; lastKnownFileType = sourcecode.swift; path = CameraPreview.swift; sourceTree = "<group>"; };
		44DC37462AA8261E0095E985 /* ContentIsEmptyView.swift */ = {isa = PBXFileReference; lastKnownFileType = sourcecode.swift; path = ContentIsEmptyView.swift; sourceTree = "<group>"; };
		44DC375B2AABCDF80095E985 /* ImageWithROI.swift */ = {isa = PBXFileReference; lastKnownFileType = sourcecode.swift; path = ImageWithROI.swift; sourceTree = "<group>"; };
		44E699562AA588A50071742C /* RecipeVision.app */ = {isa = PBXFileReference; explicitFileType = wrapper.application; includeInIndex = 0; path = RecipeVision.app; sourceTree = BUILT_PRODUCTS_DIR; };
		44E699592AA588A50071742C /* RecipeVisionApp.swift */ = {isa = PBXFileReference; lastKnownFileType = sourcecode.swift; path = RecipeVisionApp.swift; sourceTree = "<group>"; };
		44E6995B2AA588A50071742C /* HomeView.swift */ = {isa = PBXFileReference; lastKnownFileType = sourcecode.swift; path = HomeView.swift; sourceTree = "<group>"; };
		44E6995D2AA588A60071742C /* Assets.xcassets */ = {isa = PBXFileReference; lastKnownFileType = folder.assetcatalog; path = Assets.xcassets; sourceTree = "<group>"; };
		44E699602AA588A60071742C /* Preview Assets.xcassets */ = {isa = PBXFileReference; lastKnownFileType = folder.assetcatalog; path = "Preview Assets.xcassets"; sourceTree = "<group>"; };
		44E699662AA588A60071742C /* RecipeVisionTests.xctest */ = {isa = PBXFileReference; explicitFileType = wrapper.cfbundle; includeInIndex = 0; path = RecipeVisionTests.xctest; sourceTree = BUILT_PRODUCTS_DIR; };
		44E6996A2AA588A60071742C /* RecipeVisionTests.swift */ = {isa = PBXFileReference; lastKnownFileType = sourcecode.swift; path = RecipeVisionTests.swift; sourceTree = "<group>"; };
		44E699702AA588A60071742C /* RecipeVisionUITests.xctest */ = {isa = PBXFileReference; explicitFileType = wrapper.cfbundle; includeInIndex = 0; path = RecipeVisionUITests.xctest; sourceTree = BUILT_PRODUCTS_DIR; };
		44E699742AA588A60071742C /* RecipeVisionUITests.swift */ = {isa = PBXFileReference; lastKnownFileType = sourcecode.swift; path = RecipeVisionUITests.swift; sourceTree = "<group>"; };
		44E699762AA588A60071742C /* RecipeVisionUITestsLaunchTests.swift */ = {isa = PBXFileReference; lastKnownFileType = sourcecode.swift; path = RecipeVisionUITestsLaunchTests.swift; sourceTree = "<group>"; };
		44EEB91D2ABA0ED70002556E /* CardLongPressGestureState.swift */ = {isa = PBXFileReference; lastKnownFileType = sourcecode.swift; path = CardLongPressGestureState.swift; sourceTree = "<group>"; };
/* End PBXFileReference section */

/* Begin PBXFrameworksBuildPhase section */
		44E699532AA588A50071742C /* Frameworks */ = {
			isa = PBXFrameworksBuildPhase;
			buildActionMask = 2147483647;
			files = (
			);
			runOnlyForDeploymentPostprocessing = 0;
		};
		44E699632AA588A60071742C /* Frameworks */ = {
			isa = PBXFrameworksBuildPhase;
			buildActionMask = 2147483647;
			files = (
			);
			runOnlyForDeploymentPostprocessing = 0;
		};
		44E6996D2AA588A60071742C /* Frameworks */ = {
			isa = PBXFrameworksBuildPhase;
			buildActionMask = 2147483647;
			files = (
			);
			runOnlyForDeploymentPostprocessing = 0;
		};
/* End PBXFrameworksBuildPhase section */

/* Begin PBXGroup section */
		444313132AB6AACB00488F5B /* Enums */ = {
			isa = PBXGroup;
			children = (
				444313142AB6AAD600488F5B /* ViewKinds.swift */,
				449123732AB7A595001D8993 /* ChatGPT.swift */,
			);
			path = Enums;
			sourceTree = "<group>";
		};
		44518BE52AAC02A000AC615F /* Views */ = {
			isa = PBXGroup;
			children = (
				44E6995B2AA588A50071742C /* HomeView.swift */,
				44DC37462AA8261E0095E985 /* ContentIsEmptyView.swift */,
				44B3A33F2AB8019100C76328 /* Card */,
				446042332AB02ACD0058CE8A /* RegionOfInterestPhotoPreview */,
				44D5CD0F2AAD05C700215EFB /* CameraView */,
				44A577552AB380C2004E5D43 /* ImagePicker */,
			);
			path = Views;
			sourceTree = "<group>";
		};
		446042332AB02ACD0058CE8A /* RegionOfInterestPhotoPreview */ = {
			isa = PBXGroup;
			children = (
				44DC375B2AABCDF80095E985 /* ImageWithROI.swift */,
				442CD4142AB176C700C8356C /* ImagePreferenceKey.swift */,
			);
			path = RegionOfInterestPhotoPreview;
			sourceTree = "<group>";
		};
		4462D5792ABB4D49002DAFE9 /* IngredientRecognition */ = {
			isa = PBXGroup;
			children = (
				44A577512AB2C3A0004E5D43 /* VisionViewModel.swift */,
				44B612702AB76D5E00D0CC1A /* OpenAIViewModel.swift */,
				4462D57A2ABB4D64002DAFE9 /* RecognitionModel.swift */,
				4489EE412ABB99C900683DB8 /* OpenAIError.swift */,
			);
			path = IngredientRecognition;
			sourceTree = "<group>";
		};
		4489EE3F2ABB966900683DB8 /* Managers */ = {
			isa = PBXGroup;
			children = (
				4462D5792ABB4D49002DAFE9 /* IngredientRecognition */,
				442E76872AB949AF00B699D4 /* MyHapticEngine.swift */,
			);
			path = Managers;
			sourceTree = "<group>";
		};
		4489EE402ABB968200683DB8 /* Models */ = {
			isa = PBXGroup;
			children = (
				44B3A3442AB806E300C76328 /* IngredientCard.swift */,
				4489EE3D2ABB94F000683DB8 /* OpenAIResponseModels.swift */,
			);
			path = Models;
			sourceTree = "<group>";
		};
		44A577552AB380C2004E5D43 /* ImagePicker */ = {
			isa = PBXGroup;
			children = (
				44A577562AB380CD004E5D43 /* ImagePicker.swift */,
			);
			path = ImagePicker;
			sourceTree = "<group>";
		};
		44B3A33F2AB8019100C76328 /* Card */ = {
			isa = PBXGroup;
			children = (
				44B3A3402AB8019D00C76328 /* CardView.swift */,
				442E76632AB8F5B900B699D4 /* SwipeToCompleteTextView.swift */,
				44EEB91D2ABA0ED70002556E /* CardLongPressGestureState.swift */,
			);
			path = Card;
			sourceTree = "<group>";
		};
		44D5CCFE2AAD029B00215EFB /* CameraService */ = {
			isa = PBXGroup;
			children = (
				44D5CD022AAD02A400215EFB /* CameraService.swift */,
				44D5CD002AAD02A400215EFB /* CameraService+Enums.swift */,
				44D5CCFF2AAD02A400215EFB /* CameraService+Extensions.swift */,
				44D5CD032AAD02A400215EFB /* ImageResizer.swift */,
				44D5CD012AAD02A400215EFB /* PhotoCaptureProcessor.swift */,
			);
			path = CameraService;
			sourceTree = "<group>";
		};
		44D5CD0F2AAD05C700215EFB /* CameraView */ = {
			isa = PBXGroup;
			children = (
				44D5CD092AAD02E000215EFB /* CameraPreview.swift */,
				44D5CCFC2AACEA9A00215EFB /* CameraView.swift */,
			);
			path = CameraView;
			sourceTree = "<group>";
		};
		44DC374F2AA989BD0095E985 /* Extensions */ = {
			isa = PBXGroup;
			children = (
				44A577532AB2C4A0004E5D43 /* Image-Extensions.swift */,
				44899C4D2ABA999500C4AB82 /* Text-Extensions.swift */,
			);
			path = Extensions;
			sourceTree = "<group>";
		};
		44DC37562AAA7FAE0095E985 /* ViewModels */ = {
			isa = PBXGroup;
			children = (
				44D5CCFA2AACEA4D00215EFB /* CameraViewModel.swift */,
				444313112AB6AA6F00488F5B /* ViewModel.swift */,
			);
			path = ViewModels;
			sourceTree = "<group>";
		};
		44E6994D2AA588A50071742C = {
			isa = PBXGroup;
			children = (
				44B3A33C2AB7FB8600C76328 /* Config.xcconfig */,
				44E699582AA588A50071742C /* RecipeVision */,
				44E699692AA588A60071742C /* RecipeVisionTests */,
				44E699732AA588A60071742C /* RecipeVisionUITests */,
				44E699572AA588A50071742C /* Products */,
			);
			sourceTree = "<group>";
		};
		44E699572AA588A50071742C /* Products */ = {
			isa = PBXGroup;
			children = (
				44E699562AA588A50071742C /* RecipeVision.app */,
				44E699662AA588A60071742C /* RecipeVisionTests.xctest */,
				44E699702AA588A60071742C /* RecipeVisionUITests.xctest */,
			);
			name = Products;
			sourceTree = "<group>";
		};
		44E699582AA588A50071742C /* RecipeVision */ = {
			isa = PBXGroup;
			children = (
				44E699592AA588A50071742C /* RecipeVisionApp.swift */,
				4489EE402ABB968200683DB8 /* Models */,
				44518BE52AAC02A000AC615F /* Views */,
				44DC37562AAA7FAE0095E985 /* ViewModels */,
				4489EE3F2ABB966900683DB8 /* Managers */,
				44D5CCFE2AAD029B00215EFB /* CameraService */,
				444313132AB6AACB00488F5B /* Enums */,
				44DC374F2AA989BD0095E985 /* Extensions */,
				44E6995D2AA588A60071742C /* Assets.xcassets */,
				44E6995F2AA588A60071742C /* Preview Content */,
			);
			path = RecipeVision;
			sourceTree = "<group>";
		};
		44E6995F2AA588A60071742C /* Preview Content */ = {
			isa = PBXGroup;
			children = (
				44E699602AA588A60071742C /* Preview Assets.xcassets */,
			);
			path = "Preview Content";
			sourceTree = "<group>";
		};
		44E699692AA588A60071742C /* RecipeVisionTests */ = {
			isa = PBXGroup;
			children = (
				44E6996A2AA588A60071742C /* RecipeVisionTests.swift */,
			);
			path = RecipeVisionTests;
			sourceTree = "<group>";
		};
		44E699732AA588A60071742C /* RecipeVisionUITests */ = {
			isa = PBXGroup;
			children = (
				44E699742AA588A60071742C /* RecipeVisionUITests.swift */,
				44E699762AA588A60071742C /* RecipeVisionUITestsLaunchTests.swift */,
			);
			path = RecipeVisionUITests;
			sourceTree = "<group>";
		};
/* End PBXGroup section */

/* Begin PBXNativeTarget section */
		44E699552AA588A50071742C /* RecipeVision */ = {
			isa = PBXNativeTarget;
			buildConfigurationList = 44E6997A2AA588A60071742C /* Build configuration list for PBXNativeTarget "RecipeVision" */;
			buildPhases = (
				44E699522AA588A50071742C /* Sources */,
				44E699532AA588A50071742C /* Frameworks */,
				44E699542AA588A50071742C /* Resources */,
			);
			buildRules = (
			);
			dependencies = (
			);
			name = RecipeVision;
			packageProductDependencies = (
			);
			productName = RecipeVision;
			productReference = 44E699562AA588A50071742C /* RecipeVision.app */;
			productType = "com.apple.product-type.application";
		};
		44E699652AA588A60071742C /* RecipeVisionTests */ = {
			isa = PBXNativeTarget;
			buildConfigurationList = 44E6997D2AA588A60071742C /* Build configuration list for PBXNativeTarget "RecipeVisionTests" */;
			buildPhases = (
				44E699622AA588A60071742C /* Sources */,
				44E699632AA588A60071742C /* Frameworks */,
				44E699642AA588A60071742C /* Resources */,
			);
			buildRules = (
			);
			dependencies = (
				44E699682AA588A60071742C /* PBXTargetDependency */,
			);
			name = RecipeVisionTests;
			productName = RecipeVisionTests;
			productReference = 44E699662AA588A60071742C /* RecipeVisionTests.xctest */;
			productType = "com.apple.product-type.bundle.unit-test";
		};
		44E6996F2AA588A60071742C /* RecipeVisionUITests */ = {
			isa = PBXNativeTarget;
			buildConfigurationList = 44E699802AA588A60071742C /* Build configuration list for PBXNativeTarget "RecipeVisionUITests" */;
			buildPhases = (
				44E6996C2AA588A60071742C /* Sources */,
				44E6996D2AA588A60071742C /* Frameworks */,
				44E6996E2AA588A60071742C /* Resources */,
			);
			buildRules = (
			);
			dependencies = (
				44E699722AA588A60071742C /* PBXTargetDependency */,
			);
			name = RecipeVisionUITests;
			productName = RecipeVisionUITests;
			productReference = 44E699702AA588A60071742C /* RecipeVisionUITests.xctest */;
			productType = "com.apple.product-type.bundle.ui-testing";
		};
/* End PBXNativeTarget section */

/* Begin PBXProject section */
		44E6994E2AA588A50071742C /* Project object */ = {
			isa = PBXProject;
			attributes = {
				BuildIndependentTargetsInParallel = 1;
				LastSwiftUpdateCheck = 1430;
				LastUpgradeCheck = 1500;
				TargetAttributes = {
					44E699552AA588A50071742C = {
						CreatedOnToolsVersion = 14.3.1;
					};
					44E699652AA588A60071742C = {
						CreatedOnToolsVersion = 14.3.1;
						TestTargetID = 44E699552AA588A50071742C;
					};
					44E6996F2AA588A60071742C = {
						CreatedOnToolsVersion = 14.3.1;
						TestTargetID = 44E699552AA588A50071742C;
					};
				};
			};
			buildConfigurationList = 44E699512AA588A50071742C /* Build configuration list for PBXProject "RecipeVision" */;
			compatibilityVersion = "Xcode 14.0";
			developmentRegion = en;
			hasScannedForEncodings = 0;
			knownRegions = (
				en,
				Base,
			);
			mainGroup = 44E6994D2AA588A50071742C;
			packageReferences = (
			);
			productRefGroup = 44E699572AA588A50071742C /* Products */;
			projectDirPath = "";
			projectRoot = "";
			targets = (
				44E699552AA588A50071742C /* RecipeVision */,
				44E699652AA588A60071742C /* RecipeVisionTests */,
				44E6996F2AA588A60071742C /* RecipeVisionUITests */,
			);
		};
/* End PBXProject section */

/* Begin PBXResourcesBuildPhase section */
		44E699542AA588A50071742C /* Resources */ = {
			isa = PBXResourcesBuildPhase;
			buildActionMask = 2147483647;
			files = (
				44E699612AA588A60071742C /* Preview Assets.xcassets in Resources */,
				44E6995E2AA588A60071742C /* Assets.xcassets in Resources */,
			);
			runOnlyForDeploymentPostprocessing = 0;
		};
		44E699642AA588A60071742C /* Resources */ = {
			isa = PBXResourcesBuildPhase;
			buildActionMask = 2147483647;
			files = (
			);
			runOnlyForDeploymentPostprocessing = 0;
		};
		44E6996E2AA588A60071742C /* Resources */ = {
			isa = PBXResourcesBuildPhase;
			buildActionMask = 2147483647;
			files = (
			);
			runOnlyForDeploymentPostprocessing = 0;
		};
/* End PBXResourcesBuildPhase section */

/* Begin PBXSourcesBuildPhase section */
		44E699522AA588A50071742C /* Sources */ = {
			isa = PBXSourcesBuildPhase;
			buildActionMask = 2147483647;
			files = (
				44D5CD072AAD02A400215EFB /* CameraService.swift in Sources */,
				44E6995C2AA588A50071742C /* HomeView.swift in Sources */,
				44D5CD052AAD02A400215EFB /* CameraService+Enums.swift in Sources */,
				44D5CD042AAD02A400215EFB /* CameraService+Extensions.swift in Sources */,
				44B3A3452AB806E300C76328 /* IngredientCard.swift in Sources */,
				44A577522AB2C3A0004E5D43 /* VisionViewModel.swift in Sources */,
				4489EE422ABB99C900683DB8 /* OpenAIError.swift in Sources */,
				44899C4E2ABA999500C4AB82 /* Text-Extensions.swift in Sources */,
				442CD4152AB176C700C8356C /* ImagePreferenceKey.swift in Sources */,
				44B612712AB76D5E00D0CC1A /* OpenAIViewModel.swift in Sources */,
				44B3A3412AB8019D00C76328 /* CardView.swift in Sources */,
				44DC375C2AABCDF80095E985 /* ImageWithROI.swift in Sources */,
				44D5CCFB2AACEA4D00215EFB /* CameraViewModel.swift in Sources */,
				4489EE3E2ABB94F000683DB8 /* OpenAIResponseModels.swift in Sources */,
				44EEB91E2ABA0ED70002556E /* CardLongPressGestureState.swift in Sources */,
				442E76642AB8F5B900B699D4 /* SwipeToCompleteTextView.swift in Sources */,
				442E76882AB949AF00B699D4 /* MyHapticEngine.swift in Sources */,
				44A577572AB380CD004E5D43 /* ImagePicker.swift in Sources */,
				444313122AB6AA6F00488F5B /* ViewModel.swift in Sources */,
				44D5CD062AAD02A400215EFB /* PhotoCaptureProcessor.swift in Sources */,
				44D5CCFD2AACEA9A00215EFB /* CameraView.swift in Sources */,
				449123742AB7A595001D8993 /* ChatGPT.swift in Sources */,
				444313152AB6AAD600488F5B /* ViewKinds.swift in Sources */,
				44DC37472AA8261E0095E985 /* ContentIsEmptyView.swift in Sources */,
				44D5CD0A2AAD02E000215EFB /* CameraPreview.swift in Sources */,
				44A577542AB2C4A0004E5D43 /* Image-Extensions.swift in Sources */,
				4462D57B2ABB4D64002DAFE9 /* RecognitionModel.swift in Sources */,
				44D5CD082AAD02A400215EFB /* ImageResizer.swift in Sources */,
				44E6995A2AA588A50071742C /* RecipeVisionApp.swift in Sources */,
			);
			runOnlyForDeploymentPostprocessing = 0;
		};
		44E699622AA588A60071742C /* Sources */ = {
			isa = PBXSourcesBuildPhase;
			buildActionMask = 2147483647;
			files = (
				44E6996B2AA588A60071742C /* RecipeVisionTests.swift in Sources */,
			);
			runOnlyForDeploymentPostprocessing = 0;
		};
		44E6996C2AA588A60071742C /* Sources */ = {
			isa = PBXSourcesBuildPhase;
			buildActionMask = 2147483647;
			files = (
				44E699772AA588A60071742C /* RecipeVisionUITestsLaunchTests.swift in Sources */,
				44E699752AA588A60071742C /* RecipeVisionUITests.swift in Sources */,
			);
			runOnlyForDeploymentPostprocessing = 0;
		};
/* End PBXSourcesBuildPhase section */

/* Begin PBXTargetDependency section */
		44E699682AA588A60071742C /* PBXTargetDependency */ = {
			isa = PBXTargetDependency;
			target = 44E699552AA588A50071742C /* RecipeVision */;
			targetProxy = 44E699672AA588A60071742C /* PBXContainerItemProxy */;
		};
		44E699722AA588A60071742C /* PBXTargetDependency */ = {
			isa = PBXTargetDependency;
			target = 44E699552AA588A50071742C /* RecipeVision */;
			targetProxy = 44E699712AA588A60071742C /* PBXContainerItemProxy */;
		};
/* End PBXTargetDependency section */

/* Begin XCBuildConfiguration section */
		44E699782AA588A60071742C /* Debug */ = {
			isa = XCBuildConfiguration;
			baseConfigurationReference = 44B3A33C2AB7FB8600C76328 /* Config.xcconfig */;
			buildSettings = {
				ALWAYS_SEARCH_USER_PATHS = NO;
				ASSETCATALOG_COMPILER_GENERATE_SWIFT_ASSET_SYMBOL_EXTENSIONS = YES;
				CLANG_ANALYZER_NONNULL = YES;
				CLANG_ANALYZER_NUMBER_OBJECT_CONVERSION = YES_AGGRESSIVE;
				CLANG_CXX_LANGUAGE_STANDARD = "gnu++20";
				CLANG_ENABLE_MODULES = YES;
				CLANG_ENABLE_OBJC_ARC = YES;
				CLANG_ENABLE_OBJC_WEAK = YES;
				CLANG_WARN_BLOCK_CAPTURE_AUTORELEASING = YES;
				CLANG_WARN_BOOL_CONVERSION = YES;
				CLANG_WARN_COMMA = YES;
				CLANG_WARN_CONSTANT_CONVERSION = YES;
				CLANG_WARN_DEPRECATED_OBJC_IMPLEMENTATIONS = YES;
				CLANG_WARN_DIRECT_OBJC_ISA_USAGE = YES_ERROR;
				CLANG_WARN_DOCUMENTATION_COMMENTS = YES;
				CLANG_WARN_EMPTY_BODY = YES;
				CLANG_WARN_ENUM_CONVERSION = YES;
				CLANG_WARN_INFINITE_RECURSION = YES;
				CLANG_WARN_INT_CONVERSION = YES;
				CLANG_WARN_NON_LITERAL_NULL_CONVERSION = YES;
				CLANG_WARN_OBJC_IMPLICIT_RETAIN_SELF = YES;
				CLANG_WARN_OBJC_LITERAL_CONVERSION = YES;
				CLANG_WARN_OBJC_ROOT_CLASS = YES_ERROR;
				CLANG_WARN_QUOTED_INCLUDE_IN_FRAMEWORK_HEADER = YES;
				CLANG_WARN_RANGE_LOOP_ANALYSIS = YES;
				CLANG_WARN_STRICT_PROTOTYPES = YES;
				CLANG_WARN_SUSPICIOUS_MOVE = YES;
				CLANG_WARN_UNGUARDED_AVAILABILITY = YES_AGGRESSIVE;
				CLANG_WARN_UNREACHABLE_CODE = YES;
				CLANG_WARN__DUPLICATE_METHOD_MATCH = YES;
				COPY_PHASE_STRIP = NO;
				DEBUG_INFORMATION_FORMAT = dwarf;
				ENABLE_STRICT_OBJC_MSGSEND = YES;
				ENABLE_TESTABILITY = YES;
				ENABLE_USER_SCRIPT_SANDBOXING = YES;
				GCC_C_LANGUAGE_STANDARD = gnu11;
				GCC_DYNAMIC_NO_PIC = NO;
				GCC_NO_COMMON_BLOCKS = YES;
				GCC_OPTIMIZATION_LEVEL = 0;
				GCC_PREPROCESSOR_DEFINITIONS = (
					"DEBUG=1",
					"$(inherited)",
				);
				GCC_WARN_64_TO_32_BIT_CONVERSION = YES;
				GCC_WARN_ABOUT_RETURN_TYPE = YES_ERROR;
				GCC_WARN_UNDECLARED_SELECTOR = YES;
				GCC_WARN_UNINITIALIZED_AUTOS = YES_AGGRESSIVE;
				GCC_WARN_UNUSED_FUNCTION = YES;
				GCC_WARN_UNUSED_VARIABLE = YES;
				IPHONEOS_DEPLOYMENT_TARGET = 16.4;
				MTL_ENABLE_DEBUG_INFO = INCLUDE_SOURCE;
				MTL_FAST_MATH = YES;
				ONLY_ACTIVE_ARCH = YES;
				SDKROOT = iphoneos;
				SWIFT_ACTIVE_COMPILATION_CONDITIONS = DEBUG;
				SWIFT_OPTIMIZATION_LEVEL = "-Onone";
			};
			name = Debug;
		};
		44E699792AA588A60071742C /* Release */ = {
			isa = XCBuildConfiguration;
			buildSettings = {
				ALWAYS_SEARCH_USER_PATHS = NO;
				ASSETCATALOG_COMPILER_GENERATE_SWIFT_ASSET_SYMBOL_EXTENSIONS = YES;
				CLANG_ANALYZER_NONNULL = YES;
				CLANG_ANALYZER_NUMBER_OBJECT_CONVERSION = YES_AGGRESSIVE;
				CLANG_CXX_LANGUAGE_STANDARD = "gnu++20";
				CLANG_ENABLE_MODULES = YES;
				CLANG_ENABLE_OBJC_ARC = YES;
				CLANG_ENABLE_OBJC_WEAK = YES;
				CLANG_WARN_BLOCK_CAPTURE_AUTORELEASING = YES;
				CLANG_WARN_BOOL_CONVERSION = YES;
				CLANG_WARN_COMMA = YES;
				CLANG_WARN_CONSTANT_CONVERSION = YES;
				CLANG_WARN_DEPRECATED_OBJC_IMPLEMENTATIONS = YES;
				CLANG_WARN_DIRECT_OBJC_ISA_USAGE = YES_ERROR;
				CLANG_WARN_DOCUMENTATION_COMMENTS = YES;
				CLANG_WARN_EMPTY_BODY = YES;
				CLANG_WARN_ENUM_CONVERSION = YES;
				CLANG_WARN_INFINITE_RECURSION = YES;
				CLANG_WARN_INT_CONVERSION = YES;
				CLANG_WARN_NON_LITERAL_NULL_CONVERSION = YES;
				CLANG_WARN_OBJC_IMPLICIT_RETAIN_SELF = YES;
				CLANG_WARN_OBJC_LITERAL_CONVERSION = YES;
				CLANG_WARN_OBJC_ROOT_CLASS = YES_ERROR;
				CLANG_WARN_QUOTED_INCLUDE_IN_FRAMEWORK_HEADER = YES;
				CLANG_WARN_RANGE_LOOP_ANALYSIS = YES;
				CLANG_WARN_STRICT_PROTOTYPES = YES;
				CLANG_WARN_SUSPICIOUS_MOVE = YES;
				CLANG_WARN_UNGUARDED_AVAILABILITY = YES_AGGRESSIVE;
				CLANG_WARN_UNREACHABLE_CODE = YES;
				CLANG_WARN__DUPLICATE_METHOD_MATCH = YES;
				COPY_PHASE_STRIP = NO;
				DEBUG_INFORMATION_FORMAT = "dwarf-with-dsym";
				ENABLE_NS_ASSERTIONS = NO;
				ENABLE_STRICT_OBJC_MSGSEND = YES;
				ENABLE_USER_SCRIPT_SANDBOXING = YES;
				GCC_C_LANGUAGE_STANDARD = gnu11;
				GCC_NO_COMMON_BLOCKS = YES;
				GCC_WARN_64_TO_32_BIT_CONVERSION = YES;
				GCC_WARN_ABOUT_RETURN_TYPE = YES_ERROR;
				GCC_WARN_UNDECLARED_SELECTOR = YES;
				GCC_WARN_UNINITIALIZED_AUTOS = YES_AGGRESSIVE;
				GCC_WARN_UNUSED_FUNCTION = YES;
				GCC_WARN_UNUSED_VARIABLE = YES;
				IPHONEOS_DEPLOYMENT_TARGET = 16.4;
				MTL_ENABLE_DEBUG_INFO = NO;
				MTL_FAST_MATH = YES;
				SDKROOT = iphoneos;
				SWIFT_COMPILATION_MODE = wholemodule;
				SWIFT_OPTIMIZATION_LEVEL = "-O";
				VALIDATE_PRODUCT = YES;
			};
			name = Release;
		};
		44E6997B2AA588A60071742C /* Debug */ = {
			isa = XCBuildConfiguration;
			buildSettings = {
				ASSETCATALOG_COMPILER_APPICON_NAME = AppIcon;
				ASSETCATALOG_COMPILER_GLOBAL_ACCENT_COLOR_NAME = AccentColor;
				CODE_SIGN_STYLE = Automatic;
				CURRENT_PROJECT_VERSION = 1;
				DEVELOPMENT_ASSET_PATHS = "\"RecipeVision/Preview Content\"";
				DEVELOPMENT_TEAM = E24P6RF94S;
				ENABLE_PREVIEWS = YES;
				GENERATE_INFOPLIST_FILE = YES;
				INFOPLIST_FILE = RecipeVision/Info.plist;
				INFOPLIST_KEY_NSCameraUsageDescription = "Please allow access to the camera to take photos of recipes.";
				INFOPLIST_KEY_UIApplicationSceneManifest_Generation = YES;
				INFOPLIST_KEY_UIApplicationSupportsIndirectInputEvents = YES;
				INFOPLIST_KEY_UILaunchScreen_Generation = YES;
				INFOPLIST_KEY_UISupportedInterfaceOrientations = UIInterfaceOrientationPortrait;
				INFOPLIST_KEY_UISupportedInterfaceOrientations_iPad = "UIInterfaceOrientationLandscapeLeft UIInterfaceOrientationLandscapeRight UIInterfaceOrientationPortrait UIInterfaceOrientationPortraitUpsideDown";
				LD_RUNPATH_SEARCH_PATHS = (
					"$(inherited)",
					"@executable_path/Frameworks",
				);
				MARKETING_VERSION = 1.0;
				PRODUCT_BUNDLE_IDENTIFIER = com.giorgio.RecipeVision;
				PRODUCT_NAME = "$(TARGET_NAME)";
				SWIFT_EMIT_LOC_STRINGS = YES;
				SWIFT_VERSION = 5.0;
				TARGETED_DEVICE_FAMILY = "1,2";
			};
			name = Debug;
		};
		44E6997C2AA588A60071742C /* Release */ = {
			isa = XCBuildConfiguration;
			buildSettings = {
				ASSETCATALOG_COMPILER_APPICON_NAME = AppIcon;
				ASSETCATALOG_COMPILER_GLOBAL_ACCENT_COLOR_NAME = AccentColor;
				CODE_SIGN_STYLE = Automatic;
				CURRENT_PROJECT_VERSION = 1;
				DEVELOPMENT_ASSET_PATHS = "\"RecipeVision/Preview Content\"";
				DEVELOPMENT_TEAM = E24P6RF94S;
				ENABLE_PREVIEWS = YES;
				GENERATE_INFOPLIST_FILE = YES;
				INFOPLIST_FILE = RecipeVision/Info.plist;
				INFOPLIST_KEY_NSCameraUsageDescription = "Please allow access to the camera to take photos of recipes.";
				INFOPLIST_KEY_UIApplicationSceneManifest_Generation = YES;
				INFOPLIST_KEY_UIApplicationSupportsIndirectInputEvents = YES;
				INFOPLIST_KEY_UILaunchScreen_Generation = YES;
				INFOPLIST_KEY_UISupportedInterfaceOrientations = UIInterfaceOrientationPortrait;
				INFOPLIST_KEY_UISupportedInterfaceOrientations_iPad = "UIInterfaceOrientationLandscapeLeft UIInterfaceOrientationLandscapeRight UIInterfaceOrientationPortrait UIInterfaceOrientationPortraitUpsideDown";
				LD_RUNPATH_SEARCH_PATHS = (
					"$(inherited)",
					"@executable_path/Frameworks",
				);
				MARKETING_VERSION = 1.0;
				PRODUCT_BUNDLE_IDENTIFIER = com.giorgio.RecipeVision;
				PRODUCT_NAME = "$(TARGET_NAME)";
				SWIFT_EMIT_LOC_STRINGS = YES;
				SWIFT_VERSION = 5.0;
				TARGETED_DEVICE_FAMILY = "1,2";
			};
			name = Release;
		};
		44E6997E2AA588A60071742C /* Debug */ = {
			isa = XCBuildConfiguration;
			buildSettings = {
				ALWAYS_EMBED_SWIFT_STANDARD_LIBRARIES = YES;
				BUNDLE_LOADER = "$(TEST_HOST)";
				CODE_SIGN_STYLE = Automatic;
				CURRENT_PROJECT_VERSION = 1;
				GENERATE_INFOPLIST_FILE = YES;
				IPHONEOS_DEPLOYMENT_TARGET = 16.4;
				MARKETING_VERSION = 1.0;
				PRODUCT_BUNDLE_IDENTIFIER = com.giorgio.RecipeVisionTests;
				PRODUCT_NAME = "$(TARGET_NAME)";
				SWIFT_EMIT_LOC_STRINGS = NO;
				SWIFT_VERSION = 5.0;
				TARGETED_DEVICE_FAMILY = "1,2";
				TEST_HOST = "$(BUILT_PRODUCTS_DIR)/RecipeVision.app/$(BUNDLE_EXECUTABLE_FOLDER_PATH)/RecipeVision";
			};
			name = Debug;
		};
		44E6997F2AA588A60071742C /* Release */ = {
			isa = XCBuildConfiguration;
			buildSettings = {
				ALWAYS_EMBED_SWIFT_STANDARD_LIBRARIES = YES;
				BUNDLE_LOADER = "$(TEST_HOST)";
				CODE_SIGN_STYLE = Automatic;
				CURRENT_PROJECT_VERSION = 1;
				GENERATE_INFOPLIST_FILE = YES;
				IPHONEOS_DEPLOYMENT_TARGET = 16.4;
				MARKETING_VERSION = 1.0;
				PRODUCT_BUNDLE_IDENTIFIER = com.giorgio.RecipeVisionTests;
				PRODUCT_NAME = "$(TARGET_NAME)";
				SWIFT_EMIT_LOC_STRINGS = NO;
				SWIFT_VERSION = 5.0;
				TARGETED_DEVICE_FAMILY = "1,2";
				TEST_HOST = "$(BUILT_PRODUCTS_DIR)/RecipeVision.app/$(BUNDLE_EXECUTABLE_FOLDER_PATH)/RecipeVision";
			};
			name = Release;
		};
		44E699812AA588A60071742C /* Debug */ = {
			isa = XCBuildConfiguration;
			buildSettings = {
				ALWAYS_EMBED_SWIFT_STANDARD_LIBRARIES = YES;
				CODE_SIGN_STYLE = Automatic;
				CURRENT_PROJECT_VERSION = 1;
				GENERATE_INFOPLIST_FILE = YES;
				MARKETING_VERSION = 1.0;
				PRODUCT_BUNDLE_IDENTIFIER = com.giorgio.RecipeVisionUITests;
				PRODUCT_NAME = "$(TARGET_NAME)";
				SWIFT_EMIT_LOC_STRINGS = NO;
				SWIFT_VERSION = 5.0;
				TARGETED_DEVICE_FAMILY = "1,2";
				TEST_TARGET_NAME = RecipeVision;
			};
			name = Debug;
		};
		44E699822AA588A60071742C /* Release */ = {
			isa = XCBuildConfiguration;
			buildSettings = {
				ALWAYS_EMBED_SWIFT_STANDARD_LIBRARIES = YES;
				CODE_SIGN_STYLE = Automatic;
				CURRENT_PROJECT_VERSION = 1;
				GENERATE_INFOPLIST_FILE = YES;
				MARKETING_VERSION = 1.0;
				PRODUCT_BUNDLE_IDENTIFIER = com.giorgio.RecipeVisionUITests;
				PRODUCT_NAME = "$(TARGET_NAME)";
				SWIFT_EMIT_LOC_STRINGS = NO;
				SWIFT_VERSION = 5.0;
				TARGETED_DEVICE_FAMILY = "1,2";
				TEST_TARGET_NAME = RecipeVision;
			};
			name = Release;
		};
/* End XCBuildConfiguration section */

/* Begin XCConfigurationList section */
		44E699512AA588A50071742C /* Build configuration list for PBXProject "RecipeVision" */ = {
			isa = XCConfigurationList;
			buildConfigurations = (
				44E699782AA588A60071742C /* Debug */,
				44E699792AA588A60071742C /* Release */,
			);
			defaultConfigurationIsVisible = 0;
			defaultConfigurationName = Release;
		};
		44E6997A2AA588A60071742C /* Build configuration list for PBXNativeTarget "RecipeVision" */ = {
			isa = XCConfigurationList;
			buildConfigurations = (
				44E6997B2AA588A60071742C /* Debug */,
				44E6997C2AA588A60071742C /* Release */,
			);
			defaultConfigurationIsVisible = 0;
			defaultConfigurationName = Release;
		};
		44E6997D2AA588A60071742C /* Build configuration list for PBXNativeTarget "RecipeVisionTests" */ = {
			isa = XCConfigurationList;
			buildConfigurations = (
				44E6997E2AA588A60071742C /* Debug */,
				44E6997F2AA588A60071742C /* Release */,
			);
			defaultConfigurationIsVisible = 0;
			defaultConfigurationName = Release;
		};
		44E699802AA588A60071742C /* Build configuration list for PBXNativeTarget "RecipeVisionUITests" */ = {
			isa = XCConfigurationList;
			buildConfigurations = (
				44E699812AA588A60071742C /* Debug */,
				44E699822AA588A60071742C /* Release */,
			);
			defaultConfigurationIsVisible = 0;
			defaultConfigurationName = Release;
		};
/* End XCConfigurationList section */
	};
	rootObject = 44E6994E2AA588A50071742C /* Project object */;
}
